
Microsoft Visual Studio Solution File, Format Version 12.00
# Visual Studio Version 16
VisualStudioVersion = 16.0.30011.22
MinimumVisualStudioVersion = 10.0.40219.1
Project("{9A19103F-16F7-4668-BE54-9A1E7A4F7556}") = "TestSimpleMessages", "TestTesi\TestSimpleMessages.csproj", "{4103BB94-FE6B-431A-838E-606D5C0CE324}"
EndProject
Project("{2150E333-8FDC-42A3-9474-1A3956D46DE8}") = "Solution Items", "Solution Items", "{17A90539-B367-4618-B04C-6A08855240A9}"
	ProjectSection(SolutionItems) = preProject
		envorimental_vars.txt = envorimental_vars.txt
	EndProjectSection
EndProject
Project("{9A19103F-16F7-4668-BE54-9A1E7A4F7556}") = "TestJSON", "TestJSON\TestJSON.csproj", "{A00EC204-F7BB-4527-BF6B-BA6E2976882B}"
EndProject
Global
	GlobalSection(SolutionConfigurationPlatforms) = preSolution
		Debug|Any CPU = Debug|Any CPU
		Release|Any CPU = Release|Any CPU
	EndGlobalSection
	GlobalSection(ProjectConfigurationPlatforms) = postSolution
		{4103BB94-FE6B-431A-838E-606D5C0CE324}.Debug|Any CPU.ActiveCfg = Debug|Any CPU
		{4103BB94-FE6B-431A-838E-606D5C0CE324}.Debug|Any CPU.Build.0 = Debug|Any CPU
		{4103BB94-FE6B-431A-838E-606D5C0CE324}.Release|Any CPU.ActiveCfg = Release|Any CPU
		{4103BB94-FE6B-431A-838E-606D5C0CE324}.Release|Any CPU.Build.0 = Release|Any CPU
		{A00EC204-F7BB-4527-BF6B-BA6E2976882B}.Debug|Any CPU.ActiveCfg = Debug|Any CPU
		{A00EC204-F7BB-4527-BF6B-BA6E2976882B}.Debug|Any CPU.Build.0 = Debug|Any CPU
		{A00EC204-F7BB-4527-BF6B-BA6E2976882B}.Release|Any CPU.ActiveCfg = Release|Any CPU
		{A00EC204-F7BB-4527-BF6B-BA6E2976882B}.Release|Any CPU.Build.0 = Release|Any CPU
	EndGlobalSection
	GlobalSection(SolutionProperties) = preSolution
		HideSolutionNode = FALSE
	EndGlobalSection
	GlobalSection(ExtensibilityGlobals) = postSolution
		SolutionGuid = {AE3D6BBA-E7DF-4468-857F-D6A2FD6FFD0D}
	EndGlobalSection
EndGlobal
